
Microsoft Visual Studio Solution File, Format Version 12.00
# Visual Studio Version 17
VisualStudioVersion = 17.0.32112.339
MinimumVisualStudioVersion = 10.0.40219.1
Project("{FAE04EC0-301F-11D3-BF4B-00C04F79EFBC}") = "Wordly", "Wordly\Wordly.csproj", "{64903949-CE6D-4C33-98E2-B318ABBA70DB}"
EndProject
Global
	GlobalSection(SolutionConfigurationPlatforms) = preSolution
		Debug|Any CPU = Debug|Any CPU
		Release|Any CPU = Release|Any CPU
	EndGlobalSection
	GlobalSection(ProjectConfigurationPlatforms) = postSolution
		{64903949-CE6D-4C33-98E2-B318ABBA70DB}.Debug|Any CPU.ActiveCfg = Debug|Any CPU
		{64903949-CE6D-4C33-98E2-B318ABBA70DB}.Debug|Any CPU.Build.0 = Debug|Any CPU
		{64903949-CE6D-4C33-98E2-B318ABBA70DB}.Release|Any CPU.ActiveCfg = Release|Any CPU
		{64903949-CE6D-4C33-98E2-B318ABBA70DB}.Release|Any CPU.Build.0 = Release|Any CPU
	EndGlobalSection
	GlobalSection(SolutionProperties) = preSolution
		HideSolutionNode = FALSE
	EndGlobalSection
	GlobalSection(ExtensibilityGlobals) = postSolution
		SolutionGuid = {4943EDF3-E2CC-45B8-9412-F0FF30C931C9}
	EndGlobalSection
EndGlobal
